
Microsoft Visual Studio Solution File, Format Version 12.00
Project("{FAE04EC0-301F-11D3-BF4B-00C04F79EFBC}") = "record-service", "record-service.csproj", "{7160E0FF-CD66-4D65-B1C5-336CE30C0D57}"
EndProject
Global
	GlobalSection(SolutionConfigurationPlatforms) = preSolution
		Debug|Any CPU = Debug|Any CPU
		Release|Any CPU = Release|Any CPU
	EndGlobalSection
	GlobalSection(ProjectConfigurationPlatforms) = postSolution
		{7160E0FF-CD66-4D65-B1C5-336CE30C0D57}.Debug|Any CPU.ActiveCfg = Debug|Any CPU
		{7160E0FF-CD66-4D65-B1C5-336CE30C0D57}.Debug|Any CPU.Build.0 = Debug|Any CPU
		{7160E0FF-CD66-4D65-B1C5-336CE30C0D57}.Release|Any CPU.ActiveCfg = Release|Any CPU
		{7160E0FF-CD66-4D65-B1C5-336CE30C0D57}.Release|Any CPU.Build.0 = Release|Any CPU
	EndGlobalSection
EndGlobal
