
Microsoft Visual Studio Solution File, Format Version 12.00
Project("{FAE04EC0-301F-11D3-BF4B-00C04F79EFBC}") = "ddns-ip-service", "ddns-ip-service.csproj", "{C33465B5-F35E-47C0-A3C2-5069B5BC90B5}"
EndProject
Global
	GlobalSection(SolutionConfigurationPlatforms) = preSolution
		Debug|Any CPU = Debug|Any CPU
		Release|Any CPU = Release|Any CPU
	EndGlobalSection
	GlobalSection(ProjectConfigurationPlatforms) = postSolution
		{C33465B5-F35E-47C0-A3C2-5069B5BC90B5}.Debug|Any CPU.ActiveCfg = Debug|Any CPU
		{C33465B5-F35E-47C0-A3C2-5069B5BC90B5}.Debug|Any CPU.Build.0 = Debug|Any CPU
		{C33465B5-F35E-47C0-A3C2-5069B5BC90B5}.Release|Any CPU.ActiveCfg = Release|Any CPU
		{C33465B5-F35E-47C0-A3C2-5069B5BC90B5}.Release|Any CPU.Build.0 = Release|Any CPU
	EndGlobalSection
EndGlobal
