
Microsoft Visual Studio Solution File, Format Version 12.00
Project("{FAE04EC0-301F-11D3-BF4B-00C04F79EFBC}") = "password-service", "password-service.csproj", "{EC3D5ECA-629C-4808-B93D-62ABA344CC4A}"
EndProject
Global
	GlobalSection(SolutionConfigurationPlatforms) = preSolution
		Debug|Any CPU = Debug|Any CPU
		Release|Any CPU = Release|Any CPU
	EndGlobalSection
	GlobalSection(ProjectConfigurationPlatforms) = postSolution
		{EC3D5ECA-629C-4808-B93D-62ABA344CC4A}.Debug|Any CPU.ActiveCfg = Debug|Any CPU
		{EC3D5ECA-629C-4808-B93D-62ABA344CC4A}.Debug|Any CPU.Build.0 = Debug|Any CPU
		{EC3D5ECA-629C-4808-B93D-62ABA344CC4A}.Release|Any CPU.ActiveCfg = Release|Any CPU
		{EC3D5ECA-629C-4808-B93D-62ABA344CC4A}.Release|Any CPU.Build.0 = Release|Any CPU
	EndGlobalSection
EndGlobal
